
Microsoft Visual Studio Solution File, Format Version 12.00
# Visual Studio Version 17
VisualStudioVersion = 17.0.31919.166
MinimumVisualStudioVersion = 10.0.40219.1
Project("{FAE04EC0-301F-11D3-BF4B-00C04F79EFBC}") = "HomeStayManagement", "HomeStayManagement.csproj", "{22939443-DC60-419F-ABD9-1762461C6F51}"
EndProject
Global
	GlobalSection(SolutionConfigurationPlatforms) = preSolution
		Debug|Any CPU = Debug|Any CPU
		Release|Any CPU = Release|Any CPU
	EndGlobalSection
	GlobalSection(ProjectConfigurationPlatforms) = postSolution
		{22939443-DC60-419F-ABD9-1762461C6F51}.Debug|Any CPU.ActiveCfg = Debug|Any CPU
		{22939443-DC60-419F-ABD9-1762461C6F51}.Debug|Any CPU.Build.0 = Debug|Any CPU
		{22939443-DC60-419F-ABD9-1762461C6F51}.Release|Any CPU.ActiveCfg = Release|Any CPU
		{22939443-DC60-419F-ABD9-1762461C6F51}.Release|Any CPU.Build.0 = Release|Any CPU
	EndGlobalSection
	GlobalSection(SolutionProperties) = preSolution
		HideSolutionNode = FALSE
	EndGlobalSection
	GlobalSection(ExtensibilityGlobals) = postSolution
		SolutionGuid = {566D3F28-A317-4A74-988B-A0FA06A1A175}
	EndGlobalSection
EndGlobal
